
Microsoft Visual Studio Solution File, Format Version 12.00
# Visual Studio Version 16
VisualStudioVersion = 16.0.29613.14
MinimumVisualStudioVersion = 10.0.40219.1
Project("{FAE04EC0-301F-11D3-BF4B-00C04F79EFBC}") = "AksCalculator", "AksCalculator\AksCalculator.csproj", "{B1D1FA32-9653-49E4-9EB3-9FF72335D59A}"
EndProject
Global
	GlobalSection(SolutionConfigurationPlatforms) = preSolution
		Debug|Any CPU = Debug|Any CPU
		Release|Any CPU = Release|Any CPU
	EndGlobalSection
	GlobalSection(ProjectConfigurationPlatforms) = postSolution
		{B1D1FA32-9653-49E4-9EB3-9FF72335D59A}.Debug|Any CPU.ActiveCfg = Debug|Any CPU
		{B1D1FA32-9653-49E4-9EB3-9FF72335D59A}.Debug|Any CPU.Build.0 = Debug|Any CPU
		{B1D1FA32-9653-49E4-9EB3-9FF72335D59A}.Release|Any CPU.ActiveCfg = Release|Any CPU
		{B1D1FA32-9653-49E4-9EB3-9FF72335D59A}.Release|Any CPU.Build.0 = Release|Any CPU
	EndGlobalSection
	GlobalSection(SolutionProperties) = preSolution
		HideSolutionNode = FALSE
	EndGlobalSection
	GlobalSection(ExtensibilityGlobals) = postSolution
		SolutionGuid = {A7663B7C-5E45-4F71-ABD2-73117B89AD5E}
	EndGlobalSection
EndGlobal
